
Microsoft Visual Studio Solution File, Format Version 12.00
# Visual Studio 15
VisualStudioVersion = 15.0.27130.2036
MinimumVisualStudioVersion = 10.0.40219.1
Project("{FAE04EC0-301F-11D3-BF4B-00C04F79EFBC}") = "lab7_2", "lab7_2\lab7_2.csproj", "{AE582FAB-4F73-4644-A373-A16EA2284ACB}"
EndProject
Global
	GlobalSection(SolutionConfigurationPlatforms) = preSolution
		Debug|Any CPU = Debug|Any CPU
		Release|Any CPU = Release|Any CPU
	EndGlobalSection
	GlobalSection(ProjectConfigurationPlatforms) = postSolution
		{AE582FAB-4F73-4644-A373-A16EA2284ACB}.Debug|Any CPU.ActiveCfg = Debug|Any CPU
		{AE582FAB-4F73-4644-A373-A16EA2284ACB}.Debug|Any CPU.Build.0 = Debug|Any CPU
		{AE582FAB-4F73-4644-A373-A16EA2284ACB}.Release|Any CPU.ActiveCfg = Release|Any CPU
		{AE582FAB-4F73-4644-A373-A16EA2284ACB}.Release|Any CPU.Build.0 = Release|Any CPU
	EndGlobalSection
	GlobalSection(SolutionProperties) = preSolution
		HideSolutionNode = FALSE
	EndGlobalSection
	GlobalSection(ExtensibilityGlobals) = postSolution
		SolutionGuid = {89B18888-3A65-4E1D-AB61-00F042075DF4}
	EndGlobalSection
EndGlobal
